{
    "version": 3,
    "terraform_version": "0.8.2",
    "serial": 29,
    "lineage": "219d9740-b088-4c02-99be-adf46171823e",
    "modules": [
        {
            "path": [
                "root"
            ],
            "outputs": {},
            "resources": {},
            "depends_on": []
        },
        {
            "path": [
                "root",
                "bucket"
            ],
            "outputs": {},
            "resources": {},
            "depends_on": []
        },
        {
            "path": [
                "root",
                "gke"
            ],
            "outputs": {},
            "resources": {},
            "depends_on": []
        },
        {
            "path": [
                "root",
                "instance"
            ],
            "outputs": {
                "ip": {
                    "sensitive": false,
                    "type": "string",
                    "value": "35.190.164.22"
                }
            },
            "resources": {
                "google_compute_address.sample": {
                    "type": "google_compute_address",
                    "depends_on": [],
                    "primary": {
                        "id": "tf-sample-address",
                        "attributes": {
                            "address": "35.190.164.22",
                            "id": "tf-sample-address",
                            "name": "tf-sample-address",
                            "self_link": "https://www.googleapis.com/compute/v1/projects/gkr-demo/regions/us-east1/addresses/tf-sample-address"
                        },
                        "meta": {},
                        "tainted": false
                    },
                    "deposed": [],
                    "provider": ""
                },
                "google_compute_firewall.sample": {
                    "type": "google_compute_firewall",
                    "depends_on": [],
                    "primary": {
                        "id": "tf-sample-firewall",
                        "attributes": {
                            "allow.#": "1",
                            "allow.1100366991.ports.#": "3",
                            "allow.1100366991.ports.0": "80",
                            "allow.1100366991.ports.1": "443",
                            "allow.1100366991.ports.2": "8080",
                            "allow.1100366991.protocol": "tcp",
                            "description": "",
                            "id": "tf-sample-firewall",
                            "name": "tf-sample-firewall",
                            "network": "default",
                            "project": "gkr-demo",
                            "self_link": "https://www.googleapis.com/compute/v1/projects/gkr-demo/global/firewalls/tf-sample-firewall",
                            "source_ranges.#": "1",
                            "source_ranges.1080289494": "0.0.0.0/0",
                            "source_tags.#": "0",
                            "target_tags.#": "1",
                            "target_tags.3126557095": "sample-node"
                        },
                        "meta": {
                            "schema_version": "1"
                        },
                        "tainted": false
                    },
                    "deposed": [],
                    "provider": ""
                },
                "google_compute_forwarding_rule.http": {
                    "type": "google_compute_forwarding_rule",
                    "depends_on": [
                        "google_compute_address.sample",
                        "google_compute_target_pool.sample"
                    ],
                    "primary": {
                        "id": "tf-sample-http-forwarding-rule",
                        "attributes": {
                            "backend_service": "",
                            "description": "",
                            "id": "tf-sample-http-forwarding-rule",
                            "ip_address": "35.190.164.22",
                            "ip_protocol": "TCP",
                            "load_balancing_scheme": "EXTERNAL",
                            "name": "tf-sample-http-forwarding-rule",
                            "network": "",
                            "port_range": "80-80",
                            "ports.#": "0",
                            "project": "gkr-demo",
                            "region": "us-east1",
                            "self_link": "https://www.googleapis.com/compute/v1/projects/gkr-demo/regions/us-east1/forwardingRules/tf-sample-http-forwarding-rule",
                            "subnetwork": "",
                            "target": "https://www.googleapis.com/compute/v1/projects/gkr-demo/regions/us-east1/targetPools/tf-sample-target-pool"
                        },
                        "meta": {},
                        "tainted": false
                    },
                    "deposed": [],
                    "provider": ""
                },
                "google_compute_forwarding_rule.https": {
                    "type": "google_compute_forwarding_rule",
                    "depends_on": [
                        "google_compute_address.sample",
                        "google_compute_target_pool.sample"
                    ],
                    "primary": {
                        "id": "tf-sample-https-forwarding-rule",
                        "attributes": {
                            "backend_service": "",
                            "description": "",
                            "id": "tf-sample-https-forwarding-rule",
                            "ip_address": "35.190.164.22",
                            "ip_protocol": "TCP",
                            "load_balancing_scheme": "EXTERNAL",
                            "name": "tf-sample-https-forwarding-rule",
                            "network": "",
                            "port_range": "443-443",
                            "ports.#": "0",
                            "project": "gkr-demo",
                            "region": "us-east1",
                            "self_link": "https://www.googleapis.com/compute/v1/projects/gkr-demo/regions/us-east1/forwardingRules/tf-sample-https-forwarding-rule",
                            "subnetwork": "",
                            "target": "https://www.googleapis.com/compute/v1/projects/gkr-demo/regions/us-east1/targetPools/tf-sample-target-pool"
                        },
                        "meta": {},
                        "tainted": false
                    },
                    "deposed": [],
                    "provider": ""
                },
                "google_compute_forwarding_rule.tcp": {
                    "type": "google_compute_forwarding_rule",
                    "depends_on": [
                        "google_compute_address.sample",
                        "google_compute_target_pool.sample"
                    ],
                    "primary": {
                        "id": "tf-sample-tcp-forwarding-rule",
                        "attributes": {
                            "backend_service": "",
                            "description": "",
                            "id": "tf-sample-tcp-forwarding-rule",
                            "ip_address": "35.190.164.22",
                            "ip_protocol": "TCP",
                            "load_balancing_scheme": "EXTERNAL",
                            "name": "tf-sample-tcp-forwarding-rule",
                            "network": "",
                            "port_range": "8080-8080",
                            "ports.#": "0",
                            "project": "gkr-demo",
                            "region": "us-east1",
                            "self_link": "https://www.googleapis.com/compute/v1/projects/gkr-demo/regions/us-east1/forwardingRules/tf-sample-tcp-forwarding-rule",
                            "subnetwork": "",
                            "target": "https://www.googleapis.com/compute/v1/projects/gkr-demo/regions/us-east1/targetPools/tf-sample-target-pool"
                        },
                        "meta": {},
                        "tainted": false
                    },
                    "deposed": [],
                    "provider": ""
                },
                "google_compute_http_health_check.http": {
                    "type": "google_compute_http_health_check",
                    "depends_on": [],
                    "primary": {
                        "id": "tf-sample-http-basic-check",
                        "attributes": {
                            "check_interval_sec": "1",
                            "description": "",
                            "healthy_threshold": "1",
                            "host": "",
                            "id": "tf-sample-http-basic-check",
                            "name": "tf-sample-http-basic-check",
                            "port": "80",
                            "project": "gkr-demo",
                            "request_path": "/",
                            "self_link": "https://www.googleapis.com/compute/v1/projects/gkr-demo/global/httpHealthChecks/tf-sample-http-basic-check",
                            "timeout_sec": "1",
                            "unhealthy_threshold": "10"
                        },
                        "meta": {},
                        "tainted": false
                    },
                    "deposed": [],
                    "provider": ""
                },
                "google_compute_instance.sample.0": {
                    "type": "google_compute_instance",
                    "depends_on": [],
                    "primary": {
                        "id": "sample-1",
                        "attributes": {
                            "can_ip_forward": "false",
                            "create_timeout": "4",
                            "disk.#": "1",
                            "disk.0.auto_delete": "true",
                            "disk.0.device_name": "",
                            "disk.0.disk": "",
                            "disk.0.image": "ubuntu-1404-trusty-v20170703",
                            "disk.0.scratch": "false",
                            "disk.0.size": "0",
                            "disk.0.type": "",
                            "id": "sample-1",
                            "machine_type": "n1-standard-1",
                            "metadata.%": "0",
                            "metadata_fingerprint": "cYYaHUObVnk=",
                            "name": "sample-1",
                            "network.#": "0",
                            "network_interface.#": "1",
                            "network_interface.0.access_config.#": "1",
                            "network_interface.0.access_config.0.assigned_nat_ip": "35.190.164.187",
                            "network_interface.0.access_config.0.nat_ip": "",
                            "network_interface.0.address": "10.142.0.4",
                            "network_interface.0.name": "nic0",
                            "network_interface.0.network": "default",
                            "network_interface.0.subnetwork": "",
                            "network_interface.0.subnetwork_project": "",
                            "self_link": "https://www.googleapis.com/compute/v1/projects/gkr-demo/zones/us-east1-b/instances/sample-1",
                            "service_account.#": "0",
                            "tags.#": "1",
                            "tags.4044060355": "sample",
                            "tags_fingerprint": "gadJrAAybIA=",
                            "zone": "us-east1-b"
                        },
                        "meta": {
                            "schema_version": "2"
                        },
                        "tainted": false
                    },
                    "deposed": [],
                    "provider": ""
                },
                "google_compute_instance.sample.1": {
                    "type": "google_compute_instance",
                    "depends_on": [],
                    "primary": {
                        "id": "sample-2",
                        "attributes": {
                            "can_ip_forward": "false",
                            "create_timeout": "4",
                            "disk.#": "1",
                            "disk.0.auto_delete": "true",
                            "disk.0.device_name": "",
                            "disk.0.disk": "",
                            "disk.0.image": "ubuntu-1404-trusty-v20170703",
                            "disk.0.scratch": "false",
                            "disk.0.size": "0",
                            "disk.0.type": "",
                            "id": "sample-2",
                            "machine_type": "n1-standard-1",
                            "metadata.%": "0",
                            "metadata_fingerprint": "cYYaHUObVnk=",
                            "name": "sample-2",
                            "network.#": "0",
                            "network_interface.#": "1",
                            "network_interface.0.access_config.#": "1",
                            "network_interface.0.access_config.0.assigned_nat_ip": "104.196.70.9",
                            "network_interface.0.access_config.0.nat_ip": "",
                            "network_interface.0.address": "10.142.0.3",
                            "network_interface.0.name": "nic0",
                            "network_interface.0.network": "default",
                            "network_interface.0.subnetwork": "",
                            "network_interface.0.subnetwork_project": "",
                            "self_link": "https://www.googleapis.com/compute/v1/projects/gkr-demo/zones/us-east1-b/instances/sample-2",
                            "service_account.#": "0",
                            "tags.#": "1",
                            "tags.2168485835": "sample1",
                            "tags_fingerprint": "JaRRgzBEEy8=",
                            "zone": "us-east1-b"
                        },
                        "meta": {
                            "schema_version": "2"
                        },
                        "tainted": false
                    },
                    "deposed": [],
                    "provider": ""
                },
                "google_compute_instance.sample.2": {
                    "type": "google_compute_instance",
                    "depends_on": [],
                    "primary": {
                        "id": "sample-3",
                        "attributes": {
                            "can_ip_forward": "false",
                            "create_timeout": "4",
                            "disk.#": "1",
                            "disk.0.auto_delete": "true",
                            "disk.0.device_name": "",
                            "disk.0.disk": "",
                            "disk.0.image": "ubuntu-1404-trusty-v20170703",
                            "disk.0.scratch": "false",
                            "disk.0.size": "0",
                            "disk.0.type": "",
                            "id": "sample-3",
                            "machine_type": "n1-standard-1",
                            "metadata.%": "0",
                            "metadata_fingerprint": "cYYaHUObVnk=",
                            "name": "sample-3",
                            "network.#": "0",
                            "network_interface.#": "1",
                            "network_interface.0.access_config.#": "1",
                            "network_interface.0.access_config.0.assigned_nat_ip": "35.190.180.121",
                            "network_interface.0.access_config.0.nat_ip": "",
                            "network_interface.0.address": "10.142.0.2",
                            "network_interface.0.name": "nic0",
                            "network_interface.0.network": "default",
                            "network_interface.0.subnetwork": "",
                            "network_interface.0.subnetwork_project": "",
                            "self_link": "https://www.googleapis.com/compute/v1/projects/gkr-demo/zones/us-east1-b/instances/sample-3",
                            "service_account.#": "0",
                            "tags.#": "1",
                            "tags.407447153": "sample2",
                            "tags_fingerprint": "8EAjg_kFr5s=",
                            "zone": "us-east1-b"
                        },
                        "meta": {
                            "schema_version": "2"
                        },
                        "tainted": false
                    },
                    "deposed": [],
                    "provider": ""
                },
                "google_compute_target_pool.sample": {
                    "type": "google_compute_target_pool",
                    "depends_on": [
                        "google_compute_http_health_check.http",
                        "google_compute_instance.sample"
                    ],
                    "primary": {
                        "id": "tf-sample-target-pool",
                        "attributes": {
                            "backup_pool": "",
                            "description": "",
                            "failover_ratio": "0",
                            "health_checks.#": "1",
                            "health_checks.0": "tf-sample-http-basic-check",
                            "id": "tf-sample-target-pool",
                            "instances.#": "3",
                            "instances.0": "us-east1-b/sample-1",
                            "instances.1": "us-east1-b/sample-2",
                            "instances.2": "us-east1-b/sample-3",
                            "name": "tf-sample-target-pool",
                            "project": "gkr-demo",
                            "region": "us-east1",
                            "self_link": "https://www.googleapis.com/compute/v1/projects/gkr-demo/regions/us-east1/targetPools/tf-sample-target-pool",
                            "session_affinity": "NONE"
                        },
                        "meta": {},
                        "tainted": false
                    },
                    "deposed": [],
                    "provider": ""
                }
            },
            "depends_on": []
        }
    ]
}
